
Microsoft Visual Studio Solution File, Format Version 12.00
# Visual Studio Version 17
VisualStudioVersion = 17.14.37216.2 d17.14
MinimumVisualStudioVersion = 10.0.40219.1
Project("{8BC9CEB8-8B4A-11D0-8D11-00A0C91BC942}") = "Edit the Outcome", "Edit the Outcome\Edit the Outcome.vcxproj", "{5784D1B3-B4CA-4EF9-A6E7-327A27F0AD9F}"
EndProject
Global
	GlobalSection(SolutionConfigurationPlatforms) = preSolution
		Debug|x64 = Debug|x64
		Release|x64 = Release|x64
	EndGlobalSection
	GlobalSection(ProjectConfigurationPlatforms) = postSolution
		{5784D1B3-B4CA-4EF9-A6E7-327A27F0AD9F}.Debug|x64.ActiveCfg = Debug|x64
		{5784D1B3-B4CA-4EF9-A6E7-327A27F0AD9F}.Debug|x64.Build.0 = Debug|x64
		{5784D1B3-B4CA-4EF9-A6E7-327A27F0AD9F}.Release|x64.ActiveCfg = Release|x64
		{5784D1B3-B4CA-4EF9-A6E7-327A27F0AD9F}.Release|x64.Build.0 = Release|x64
	EndGlobalSection
	GlobalSection(SolutionProperties) = preSolution
		HideSolutionNode = FALSE
	EndGlobalSection
	GlobalSection(ExtensibilityGlobals) = postSolution
		SolutionGuid = {675D6976-90E5-4AF4-8181-2264BFD8EC14}
	EndGlobalSection
EndGlobal
